
Microsoft Visual Studio Solution File, Format Version 12.00
# Visual Studio Version 16
VisualStudioVersion = 16.0.30320.27
MinimumVisualStudioVersion = 10.0.40219.1
Project("{8BC9CEB8-8B4A-11D0-8D11-00A0C91BC942}") = "Missile", "WindowsAPI.vcxproj", "{96380304-4693-4CAB-ABD9-BF63B6E2C7E6}"
EndProject
Project("{8BC9CEB8-8B4A-11D0-8D11-00A0C91BC942}") = "picture_draw", "..\picture_draw\picture_draw.vcxproj", "{EED1B402-B3B0-4452-92B7-7F3A82EF9761}"
EndProject
Global
	GlobalSection(SolutionConfigurationPlatforms) = preSolution
		Debug|x64 = Debug|x64
		Debug|x86 = Debug|x86
		Release|x64 = Release|x64
		Release|x86 = Release|x86
	EndGlobalSection
	GlobalSection(ProjectConfigurationPlatforms) = postSolution
		{96380304-4693-4CAB-ABD9-BF63B6E2C7E6}.Debug|x64.ActiveCfg = Debug|x64
		{96380304-4693-4CAB-ABD9-BF63B6E2C7E6}.Debug|x64.Build.0 = Debug|x64
		{96380304-4693-4CAB-ABD9-BF63B6E2C7E6}.Debug|x86.ActiveCfg = Debug|Win32
		{96380304-4693-4CAB-ABD9-BF63B6E2C7E6}.Debug|x86.Build.0 = Debug|Win32
		{96380304-4693-4CAB-ABD9-BF63B6E2C7E6}.Release|x64.ActiveCfg = Release|x64
		{96380304-4693-4CAB-ABD9-BF63B6E2C7E6}.Release|x64.Build.0 = Release|x64
		{96380304-4693-4CAB-ABD9-BF63B6E2C7E6}.Release|x86.ActiveCfg = Release|Win32
		{96380304-4693-4CAB-ABD9-BF63B6E2C7E6}.Release|x86.Build.0 = Release|Win32
		{EED1B402-B3B0-4452-92B7-7F3A82EF9761}.Debug|x64.ActiveCfg = Debug|x64
		{EED1B402-B3B0-4452-92B7-7F3A82EF9761}.Debug|x64.Build.0 = Debug|x64
		{EED1B402-B3B0-4452-92B7-7F3A82EF9761}.Debug|x86.ActiveCfg = Debug|Win32
		{EED1B402-B3B0-4452-92B7-7F3A82EF9761}.Debug|x86.Build.0 = Debug|Win32
		{EED1B402-B3B0-4452-92B7-7F3A82EF9761}.Release|x64.ActiveCfg = Release|x64
		{EED1B402-B3B0-4452-92B7-7F3A82EF9761}.Release|x64.Build.0 = Release|x64
		{EED1B402-B3B0-4452-92B7-7F3A82EF9761}.Release|x86.ActiveCfg = Release|Win32
		{EED1B402-B3B0-4452-92B7-7F3A82EF9761}.Release|x86.Build.0 = Release|Win32
	EndGlobalSection
	GlobalSection(SolutionProperties) = preSolution
		HideSolutionNode = FALSE
	EndGlobalSection
	GlobalSection(ExtensibilityGlobals) = postSolution
		SolutionGuid = {93C599DD-D47E-4778-B875-1D05A2C6E108}
	EndGlobalSection
EndGlobal
